
Microsoft Visual Studio Solution File, Format Version 12.00
# Visual Studio Version 16
VisualStudioVersion = 16.0.33214.272
MinimumVisualStudioVersion = 10.0.40219.1
Project("{FAE04EC0-301F-11D3-BF4B-00C04F79EFBC}") = "redm_lib", "redm_lib\redm_lib.csproj", "{BD16C8CE-51E9-4B4A-B4BB-FDBA746174D4}"
EndProject
Project("{2150E333-8FDC-42A3-9474-1A3956D46DE8}") = "Included_Files", "Included_Files", "{69F4DFBF-1B98-4053-A5AC-A83D114F64ED}"
	ProjectSection(SolutionItems) = preProject
		readme.md = readme.md
	EndProjectSection
EndProject
Global
	GlobalSection(SolutionConfigurationPlatforms) = preSolution
		Debug|Any CPU = Debug|Any CPU
		Release|Any CPU = Release|Any CPU
	EndGlobalSection
	GlobalSection(ProjectConfigurationPlatforms) = postSolution
		{BD16C8CE-51E9-4B4A-B4BB-FDBA746174D4}.Debug|Any CPU.ActiveCfg = Debug|Any CPU
		{BD16C8CE-51E9-4B4A-B4BB-FDBA746174D4}.Debug|Any CPU.Build.0 = Debug|Any CPU
		{BD16C8CE-51E9-4B4A-B4BB-FDBA746174D4}.Release|Any CPU.ActiveCfg = Release|Any CPU
		{BD16C8CE-51E9-4B4A-B4BB-FDBA746174D4}.Release|Any CPU.Build.0 = Release|Any CPU
	EndGlobalSection
	GlobalSection(SolutionProperties) = preSolution
		HideSolutionNode = FALSE
	EndGlobalSection
	GlobalSection(ExtensibilityGlobals) = postSolution
		SolutionGuid = {7F9B0C74-631C-47B6-B771-8B584C9EA690}
	EndGlobalSection
EndGlobal
